
Microsoft Visual Studio Solution File, Format Version 12.00
# Visual Studio Version 17
VisualStudioVersion = 17.7.34009.444
MinimumVisualStudioVersion = 10.0.40219.1
Project("{FAE04EC0-301F-11D3-BF4B-00C04F79EFBC}") = "MainE-Learning", "MainE-Learning\MainE-Learning.csproj", "{C0C77C3D-FE2D-43DC-ADCF-339513516E18}"
EndProject
Global
	GlobalSection(SolutionConfigurationPlatforms) = preSolution
		Debug|Any CPU = Debug|Any CPU
		Release|Any CPU = Release|Any CPU
	EndGlobalSection
	GlobalSection(ProjectConfigurationPlatforms) = postSolution
		{C0C77C3D-FE2D-43DC-ADCF-339513516E18}.Debug|Any CPU.ActiveCfg = Debug|Any CPU
		{C0C77C3D-FE2D-43DC-ADCF-339513516E18}.Debug|Any CPU.Build.0 = Debug|Any CPU
		{C0C77C3D-FE2D-43DC-ADCF-339513516E18}.Release|Any CPU.ActiveCfg = Release|Any CPU
		{C0C77C3D-FE2D-43DC-ADCF-339513516E18}.Release|Any CPU.Build.0 = Release|Any CPU
	EndGlobalSection
	GlobalSection(SolutionProperties) = preSolution
		HideSolutionNode = FALSE
	EndGlobalSection
	GlobalSection(ExtensibilityGlobals) = postSolution
		SolutionGuid = {476C9975-724F-4E6A-9757-B31CEF1E154D}
	EndGlobalSection
EndGlobal
